
Microsoft Visual Studio Solution File, Format Version 12.00
# Visual Studio Version 16
VisualStudioVersion = 16.0.33027.164
MinimumVisualStudioVersion = 10.0.40219.1
Project("{9A19103F-16F7-4668-BE54-9A1E7A4F7556}") = "MyHealth", "MyHealth\MyHealth.csproj", "{3A8E59D1-6FCD-4EB5-9A47-2F65CE9524AB}"
EndProject
Global
	GlobalSection(SolutionConfigurationPlatforms) = preSolution
		Debug|x64 = Debug|x64
		Debug|x86 = Debug|x86
		Release|x64 = Release|x64
		Release|x86 = Release|x86
	EndGlobalSection
	GlobalSection(ProjectConfigurationPlatforms) = postSolution
		{3A8E59D1-6FCD-4EB5-9A47-2F65CE9524AB}.Debug|x64.ActiveCfg = Debug|Any CPU
		{3A8E59D1-6FCD-4EB5-9A47-2F65CE9524AB}.Debug|x64.Build.0 = Debug|Any CPU
		{3A8E59D1-6FCD-4EB5-9A47-2F65CE9524AB}.Debug|x86.ActiveCfg = Debug|Any CPU
		{3A8E59D1-6FCD-4EB5-9A47-2F65CE9524AB}.Debug|x86.Build.0 = Debug|Any CPU
		{3A8E59D1-6FCD-4EB5-9A47-2F65CE9524AB}.Release|x64.ActiveCfg = Release|Any CPU
		{3A8E59D1-6FCD-4EB5-9A47-2F65CE9524AB}.Release|x64.Build.0 = Release|Any CPU
		{3A8E59D1-6FCD-4EB5-9A47-2F65CE9524AB}.Release|x86.ActiveCfg = Release|Any CPU
		{3A8E59D1-6FCD-4EB5-9A47-2F65CE9524AB}.Release|x86.Build.0 = Release|Any CPU
	EndGlobalSection
	GlobalSection(SolutionProperties) = preSolution
		HideSolutionNode = FALSE
	EndGlobalSection
	GlobalSection(ExtensibilityGlobals) = postSolution
		SolutionGuid = {584490D5-5B2C-44E1-917A-574B65965891}
	EndGlobalSection
EndGlobal
